
Microsoft Visual Studio Solution File, Format Version 12.00
# Visual Studio 15
Project("{FAE04EC0-301F-11D3-BF4B-00C04F79EFBC}") = "Thinktecture.AKS.Webinar", "Thinktecture.AKS.Webinar.csproj", "{9B867936-DE7A-4F20-BBB7-CD21DEB04786}"
EndProject
Project("{E53339B2-1760-4266-BCC7-CA923CBCF16C}") = "docker-compose", "docker-compose.dcproj", "{091CAD83-5491-44EE-B2DA-4000F0238BD4}"
EndProject
Global
	GlobalSection(SolutionConfigurationPlatforms) = preSolution
		Debug|Any CPU = Debug|Any CPU
		Release|Any CPU = Release|Any CPU
	EndGlobalSection
	GlobalSection(ProjectConfigurationPlatforms) = postSolution
		{9B867936-DE7A-4F20-BBB7-CD21DEB04786}.Debug|Any CPU.ActiveCfg = Debug|Any CPU
		{9B867936-DE7A-4F20-BBB7-CD21DEB04786}.Debug|Any CPU.Build.0 = Debug|Any CPU
		{9B867936-DE7A-4F20-BBB7-CD21DEB04786}.Release|Any CPU.ActiveCfg = Release|Any CPU
		{9B867936-DE7A-4F20-BBB7-CD21DEB04786}.Release|Any CPU.Build.0 = Release|Any CPU
		{091CAD83-5491-44EE-B2DA-4000F0238BD4}.Debug|Any CPU.ActiveCfg = Debug|Any CPU
		{091CAD83-5491-44EE-B2DA-4000F0238BD4}.Debug|Any CPU.Build.0 = Debug|Any CPU
		{091CAD83-5491-44EE-B2DA-4000F0238BD4}.Release|Any CPU.ActiveCfg = Release|Any CPU
		{091CAD83-5491-44EE-B2DA-4000F0238BD4}.Release|Any CPU.Build.0 = Release|Any CPU
	EndGlobalSection
EndGlobal
